
Microsoft Visual Studio Solution File, Format Version 12.00
# Visual Studio 15
VisualStudioVersion = 15.0.28307.421
MinimumVisualStudioVersion = 10.0.40219.1
Project("{9A19103F-16F7-4668-BE54-9A1E7A4F7556}") = "OzeApi", "OzeApi.csproj", "{CC185BBE-3241-4A46-A433-C9079A6D0FF6}"
EndProject
Global
	GlobalSection(SolutionConfigurationPlatforms) = preSolution
		Debug|Any CPU = Debug|Any CPU
		Release|Any CPU = Release|Any CPU
	EndGlobalSection
	GlobalSection(ProjectConfigurationPlatforms) = postSolution
		{CC185BBE-3241-4A46-A433-C9079A6D0FF6}.Debug|Any CPU.ActiveCfg = Debug|Any CPU
		{CC185BBE-3241-4A46-A433-C9079A6D0FF6}.Debug|Any CPU.Build.0 = Debug|Any CPU
		{CC185BBE-3241-4A46-A433-C9079A6D0FF6}.Release|Any CPU.ActiveCfg = Release|Any CPU
		{CC185BBE-3241-4A46-A433-C9079A6D0FF6}.Release|Any CPU.Build.0 = Release|Any CPU
	EndGlobalSection
	GlobalSection(SolutionProperties) = preSolution
		HideSolutionNode = FALSE
	EndGlobalSection
	GlobalSection(ExtensibilityGlobals) = postSolution
		SolutionGuid = {BAB33593-1A60-4D48-9D6A-7369AE00143C}
	EndGlobalSection
EndGlobal
